<?xml version="1.0" encoding="utf-8"?>
<Project ToolsVersion="4.0" xmlns="http://schemas.microsoft.com/developer/msbuild/2003">
  <ItemGroup>
    <Filter Include="Resource Files">
      <UniqueIdentifier>{67DA6AB6-F800-4c08-8B7A-83BB121AAD01}</UniqueIdentifier>
      <Extensions>rc;ico;cur;bmp;dlg;rc2;rct;bin;rgs;gif;jpg;jpeg;jpe;resx;tiff;tif;png;wav;mfcribbon-ms</Extensions>
    </Filter>
    <Filter Include="Thread">
      <UniqueIdentifier>{2c5bd6d9-400e-48c3-b647-a728cb986841}</UniqueIdentifier>
    </Filter>
    <Filter Include="Network">
      <UniqueIdentifier>{1d54731d-35d2-494f-9d15-279856b6d6f4}</UniqueIdentifier>
    </Filter>
    <Filter Include="Util">
      <UniqueIdentifier>{a2acd458-5005-46a2-8a15-5aa86e8b523f}</UniqueIdentifier>
    </Filter>
    <Filter Include="Network\SessionHandling">
      <UniqueIdentifier>{723f9daa-7276-41d2-9803-b1ca2a582928}</UniqueIdentifier>
    </Filter>
    <Filter Include="Default">
      <UniqueIdentifier>{93995380-89BD-4b04-88EB-625FBE52EBFB}</UniqueIdentifier>
      <Extensions>h;hh;hpp;hxx;hm;inl;inc;xsd</Extensions>
    </Filter>
  </ItemGroup>
  <ItemGroup>
    <Text Include="ReadMe.txt" />
  </ItemGroup>
  <ItemGroup>
    <ClInclude Include="stdafx.h">
      <Filter>Default</Filter>
    </ClInclude>
    <ClInclude Include="targetver.h">
      <Filter>Default</Filter>
    </ClInclude>
    <ClInclude Include="ThreadLocal.h">
      <Filter>Thread</Filter>
    </ClInclude>
    <ClInclude Include="IConcurrentPool.h">
      <Filter>Thread</Filter>
    </ClInclude>
    <ClInclude Include="NetworkManager.h">
      <Filter>Network</Filter>
    </ClInclude>
    <ClInclude Include="Log.h">
      <Filter>Util</Filter>
    </ClInclude>
    <ClInclude Include="ObjectPool.h">
      <Filter>Util</Filter>
    </ClInclude>
    <ClInclude Include="Exception.h">
      <Filter>Util</Filter>
    </ClInclude>
    <ClInclude Include="ClientSession.h">
      <Filter>Network\SessionHandling</Filter>
    </ClInclude>
    <ClInclude Include="ClientSessionManager.h">
      <Filter>Network\SessionHandling</Filter>
    </ClInclude>
    <ClInclude Include="ConcurrentJobManager.h">
      <Filter>Thread</Filter>
    </ClInclude>
    <ClInclude Include="Session.h">
      <Filter>Network\SessionHandling</Filter>
    </ClInclude>
    <ClInclude Include="StackWalker.h">
      <Filter>Util</Filter>
    </ClInclude>
    <ClInclude Include="SyncExecutable.h">
      <Filter>Thread</Filter>
    </ClInclude>
    <ClInclude Include="TypeTraits.h">
      <Filter>Thread</Filter>
    </ClInclude>
  </ItemGroup>
  <ItemGroup>
    <ClCompile Include="ThreadLocal.cpp">
      <Filter>Thread</Filter>
    </ClCompile>
    <ClCompile Include="IConcurrentPool.cpp">
      <Filter>Thread</Filter>
    </ClCompile>
    <ClCompile Include="NetworkManager.cpp">
      <Filter>Network</Filter>
    </ClCompile>
    <ClCompile Include="Log.cpp">
      <Filter>Util</Filter>
    </ClCompile>
    <ClCompile Include="Exception.cpp">
      <Filter>Util</Filter>
    </ClCompile>
    <ClCompile Include="ClientSession.cpp">
      <Filter>Network\SessionHandling</Filter>
    </ClCompile>
    <ClCompile Include="ClientSessionManager.cpp">
      <Filter>Network\SessionHandling</Filter>
    </ClCompile>
    <ClCompile Include="ConcurrentJobManager.cpp">
      <Filter>Thread</Filter>
    </ClCompile>
    <ClCompile Include="Session.cpp">
      <Filter>Network\SessionHandling</Filter>
    </ClCompile>
    <ClCompile Include="StackWalker.cpp">
      <Filter>Util</Filter>
    </ClCompile>
    <ClCompile Include="stdafx.cpp">
      <Filter>Default</Filter>
    </ClCompile>
    <ClCompile Include="SyncExecutable.cpp">
      <Filter>Thread</Filter>
    </ClCompile>
  </ItemGroup>
  <ItemGroup>
    <None Include="packages.config" />
  </ItemGroup>
</Project>